// !$*UTF8*$!
{
	archiveVersion = 1;
	classes = {
	};
	objectVersion = 46;
	objects = {

/* Begin PBXBuildFile section */
		8460091E1D76A2B20093989B /* main.m in Sources */ = {isa = PBXBuildFile; fileRef = 8460091D1D76A2B20093989B /* main.m */; };
		846009211D76A2B20093989B /* AppDelegate.m in Sources */ = {isa = PBXBuildFile; fileRef = 846009201D76A2B20093989B /* AppDelegate.m */; };
		846009241D76A2B20093989B /* ViewController.m in Sources */ = {isa = PBXBuildFile; fileRef = 846009231D76A2B20093989B /* ViewController.m */; };
		846009271D76A2B20093989B /* Main.storyboard in Resources */ = {isa = PBXBuildFile; fileRef = 846009251D76A2B20093989B /* Main.storyboard */; };
		846009291D76A2B20093989B /* Assets.xcassets in Resources */ = {isa = PBXBuildFile; fileRef = 846009281D76A2B20093989B /* Assets.xcassets */; };
		8460092C1D76A2B20093989B /* LaunchScreen.storyboard in Resources */ = {isa = PBXBuildFile; fileRef = 8460092A1D76A2B20093989B /* LaunchScreen.storyboard */; };
		846009371D76A2B20093989B /* DownLoadView_Animation_DemoTests.m in Sources */ = {isa = PBXBuildFile; fileRef = 846009361D76A2B20093989B /* DownLoadView_Animation_DemoTests.m */; };
		846009421D76A2B20093989B /* DownLoadView_Animation_DemoUITests.m in Sources */ = {isa = PBXBuildFile; fileRef = 846009411D76A2B20093989B /* DownLoadView_Animation_DemoUITests.m */; };
		846009501D76A2D40093989B /* QuartzCore.framework in Frameworks */ = {isa = PBXBuildFile; fileRef = 8460094F1D76A2D40093989B /* QuartzCore.framework */; };
		846009531D76A3080093989B /* AnimationService.m in Sources */ = {isa = PBXBuildFile; fileRef = 846009521D76A3080093989B /* AnimationService.m */; };
		846009561D76A38F0093989B /* DownLoadView.m in Sources */ = {isa = PBXBuildFile; fileRef = 846009551D76A38F0093989B /* DownLoadView.m */; };
/* End PBXBuildFile section */

/* Begin PBXContainerItemProxy section */
		846009331D76A2B20093989B /* PBXContainerItemProxy */ = {
			isa = PBXContainerItemProxy;
			containerPortal = 846009111D76A2B20093989B /* Project object */;
			proxyType = 1;
			remoteGlobalIDString = 846009181D76A2B20093989B;
			remoteInfo = DownLoadView_Animation_Demo;
		};
		8460093E1D76A2B20093989B /* PBXContainerItemProxy */ = {
			isa = PBXContainerItemProxy;
			containerPortal = 846009111D76A2B20093989B /* Project object */;
			proxyType = 1;
			remoteGlobalIDString = 846009181D76A2B20093989B;
			remoteInfo = DownLoadView_Animation_Demo;
		};
/* End PBXContainerItemProxy section */

/* Begin PBXFileReference section */
		846009191D76A2B20093989B /* DownLoadView_Animation_Demo.app */ = {isa = PBXFileReference; explicitFileType = wrapper.application; includeInIndex = 0; path = DownLoadView_Animation_Demo.app; sourceTree = BUILT_PRODUCTS_DIR; };
		8460091D1D76A2B20093989B /* main.m */ = {isa = PBXFileReference; lastKnownFileType = sourcecode.c.objc; path = main.m; sourceTree = "<group>"; };
		8460091F1D76A2B20093989B /* AppDelegate.h */ = {isa = PBXFileReference; lastKnownFileType = sourcecode.c.h; path = AppDelegate.h; sourceTree = "<group>"; };
		846009201D76A2B20093989B /* AppDelegate.m */ = {isa = PBXFileReference; lastKnownFileType = sourcecode.c.objc; path = AppDelegate.m; sourceTree = "<group>"; };
		846009221D76A2B20093989B /* ViewController.h */ = {isa = PBXFileReference; lastKnownFileType = sourcecode.c.h; path = ViewController.h; sourceTree = "<group>"; };
		846009231D76A2B20093989B /* ViewController.m */ = {isa = PBXFileReference; lastKnownFileType = sourcecode.c.objc; path = ViewController.m; sourceTree = "<group>"; };
		846009261D76A2B20093989B /* Base */ = {isa = PBXFileReference; lastKnownFileType = file.storyboard; name = Base; path = Base.lproj/Main.storyboard; sourceTree = "<group>"; };
		846009281D76A2B20093989B /* Assets.xcassets */ = {isa = PBXFileReference; lastKnownFileType = folder.assetcatalog; path = Assets.xcassets; sourceTree = "<group>"; };
		8460092B1D76A2B20093989B /* Base */ = {isa = PBXFileReference; lastKnownFileType = file.storyboard; name = Base; path = Base.lproj/LaunchScreen.storyboard; sourceTree = "<group>"; };
		8460092D1D76A2B20093989B /* Info.plist */ = {isa = PBXFileReference; lastKnownFileType = text.plist.xml; path = Info.plist; sourceTree = "<group>"; };
		846009321D76A2B20093989B /* DownLoadView_Animation_DemoTests.xctest */ = {isa = PBXFileReference; explicitFileType = wrapper.cfbundle; includeInIndex = 0; path = DownLoadView_Animation_DemoTests.xctest; sourceTree = BUILT_PRODUCTS_DIR; };
		846009361D76A2B20093989B /* DownLoadView_Animation_DemoTests.m */ = {isa = PBXFileReference; lastKnownFileType = sourcecode.c.objc; path = DownLoadView_Animation_DemoTests.m; sourceTree = "<group>"; };
		846009381D76A2B20093989B /* Info.plist */ = {isa = PBXFileReference; lastKnownFileType = text.plist.xml; path = Info.plist; sourceTree = "<group>"; };
		8460093D1D76A2B20093989B /* DownLoadView_Animation_DemoUITests.xctest */ = {isa = PBXFileReference; explicitFileType = wrapper.cfbundle; includeInIndex = 0; path = DownLoadView_Animation_DemoUITests.xctest; sourceTree = BUILT_PRODUCTS_DIR; };
		846009411D76A2B20093989B /* DownLoadView_Animation_DemoUITests.m */ = {isa = PBXFileReference; lastKnownFileType = sourcecode.c.objc; path = DownLoadView_Animation_DemoUITests.m; sourceTree = "<group>"; };
		846009431D76A2B20093989B /* Info.plist */ = {isa = PBXFileReference; lastKnownFileType = text.plist.xml; path = Info.plist; sourceTree = "<group>"; };
		8460094F1D76A2D40093989B /* QuartzCore.framework */ = {isa = PBXFileReference; lastKnownFileType = wrapper.framework; name = QuartzCore.framework; path = System/Library/Frameworks/QuartzCore.framework; sourceTree = SDKROOT; };
		846009511D76A3080093989B /* AnimationService.h */ = {isa = PBXFileReference; fileEncoding = 4; lastKnownFileType = sourcecode.c.h; path = AnimationService.h; sourceTree = "<group>"; };
		846009521D76A3080093989B /* AnimationService.m */ = {isa = PBXFileReference; fileEncoding = 4; lastKnownFileType = sourcecode.c.objc; path = AnimationService.m; sourceTree = "<group>"; };
		846009541D76A38F0093989B /* DownLoadView.h */ = {isa = PBXFileReference; fileEncoding = 4; lastKnownFileType = sourcecode.c.h; path = DownLoadView.h; sourceTree = "<group>"; };
		846009551D76A38F0093989B /* DownLoadView.m */ = {isa = PBXFileReference; fileEncoding = 4; lastKnownFileType = sourcecode.c.objc; path = DownLoadView.m; sourceTree = "<group>"; };
/* End PBXFileReference section */

/* Begin PBXFrameworksBuildPhase section */
		846009161D76A2B20093989B /* Frameworks */ = {
			isa = PBXFrameworksBuildPhase;
			buildActionMask = 2147483647;
			files = (
				846009501D76A2D40093989B /* QuartzCore.framework in Frameworks */,
			);
			runOnlyForDeploymentPostprocessing = 0;
		};
		8460092F1D76A2B20093989B /* Frameworks */ = {
			isa = PBXFrameworksBuildPhase;
			buildActionMask = 2147483647;
			files = (
			);
			runOnlyForDeploymentPostprocessing = 0;
		};
		8460093A1D76A2B20093989B /* Frameworks */ = {
			isa = PBXFrameworksBuildPhase;
			buildActionMask = 2147483647;
			files = (
			);
			runOnlyForDeploymentPostprocessing = 0;
		};
/* End PBXFrameworksBuildPhase section */

/* Begin PBXGroup section */
		846009101D76A2B20093989B = {
			isa = PBXGroup;
			children = (
				8460094F1D76A2D40093989B /* QuartzCore.framework */,
				8460091B1D76A2B20093989B /* DownLoadView_Animation_Demo */,
				846009351D76A2B20093989B /* DownLoadView_Animation_DemoTests */,
				846009401D76A2B20093989B /* DownLoadView_Animation_DemoUITests */,
				8460091A1D76A2B20093989B /* Products */,
			);
			sourceTree = "<group>";
		};
		8460091A1D76A2B20093989B /* Products */ = {
			isa = PBXGroup;
			children = (
				846009191D76A2B20093989B /* DownLoadView_Animation_Demo.app */,
				846009321D76A2B20093989B /* DownLoadView_Animation_DemoTests.xctest */,
				8460093D1D76A2B20093989B /* DownLoadView_Animation_DemoUITests.xctest */,
			);
			name = Products;
			sourceTree = "<group>";
		};
		8460091B1D76A2B20093989B /* DownLoadView_Animation_Demo */ = {
			isa = PBXGroup;
			children = (
				8460091F1D76A2B20093989B /* AppDelegate.h */,
				846009201D76A2B20093989B /* AppDelegate.m */,
				846009221D76A2B20093989B /* ViewController.h */,
				846009231D76A2B20093989B /* ViewController.m */,
				846009511D76A3080093989B /* AnimationService.h */,
				846009521D76A3080093989B /* AnimationService.m */,
				846009541D76A38F0093989B /* DownLoadView.h */,
				846009551D76A38F0093989B /* DownLoadView.m */,
				846009251D76A2B20093989B /* Main.storyboard */,
				846009281D76A2B20093989B /* Assets.xcassets */,
				8460092A1D76A2B20093989B /* LaunchScreen.storyboard */,
				8460092D1D76A2B20093989B /* Info.plist */,
				8460091C1D76A2B20093989B /* Supporting Files */,
			);
			path = DownLoadView_Animation_Demo;
			sourceTree = "<group>";
		};
		8460091C1D76A2B20093989B /* Supporting Files */ = {
			isa = PBXGroup;
			children = (
				8460091D1D76A2B20093989B /* main.m */,
			);
			name = "Supporting Files";
			sourceTree = "<group>";
		};
		846009351D76A2B20093989B /* DownLoadView_Animation_DemoTests */ = {
			isa = PBXGroup;
			children = (
				846009361D76A2B20093989B /* DownLoadView_Animation_DemoTests.m */,
				846009381D76A2B20093989B /* Info.plist */,
			);
			path = DownLoadView_Animation_DemoTests;
			sourceTree = "<group>";
		};
		846009401D76A2B20093989B /* DownLoadView_Animation_DemoUITests */ = {
			isa = PBXGroup;
			children = (
				846009411D76A2B20093989B /* DownLoadView_Animation_DemoUITests.m */,
				846009431D76A2B20093989B /* Info.plist */,
			);
			path = DownLoadView_Animation_DemoUITests;
			sourceTree = "<group>";
		};
/* End PBXGroup section */

/* Begin PBXNativeTarget section */
		846009181D76A2B20093989B /* DownLoadView_Animation_Demo */ = {
			isa = PBXNativeTarget;
			buildConfigurationList = 846009461D76A2B20093989B /* Build configuration list for PBXNativeTarget "DownLoadView_Animation_Demo" */;
			buildPhases = (
				846009151D76A2B20093989B /* Sources */,
				846009161D76A2B20093989B /* Frameworks */,
				846009171D76A2B20093989B /* Resources */,
			);
			buildRules = (
			);
			dependencies = (
			);
			name = DownLoadView_Animation_Demo;
			productName = DownLoadView_Animation_Demo;
			productReference = 846009191D76A2B20093989B /* DownLoadView_Animation_Demo.app */;
			productType = "com.apple.product-type.application";
		};
		846009311D76A2B20093989B /* DownLoadView_Animation_DemoTests */ = {
			isa = PBXNativeTarget;
			buildConfigurationList = 846009491D76A2B20093989B /* Build configuration list for PBXNativeTarget "DownLoadView_Animation_DemoTests" */;
			buildPhases = (
				8460092E1D76A2B20093989B /* Sources */,
				8460092F1D76A2B20093989B /* Frameworks */,
				846009301D76A2B20093989B /* Resources */,
			);
			buildRules = (
			);
			dependencies = (
				846009341D76A2B20093989B /* PBXTargetDependency */,
			);
			name = DownLoadView_Animation_DemoTests;
			productName = DownLoadView_Animation_DemoTests;
			productReference = 846009321D76A2B20093989B /* DownLoadView_Animation_DemoTests.xctest */;
			productType = "com.apple.product-type.bundle.unit-test";
		};
		8460093C1D76A2B20093989B /* DownLoadView_Animation_DemoUITests */ = {
			isa = PBXNativeTarget;
			buildConfigurationList = 8460094C1D76A2B20093989B /* Build configuration list for PBXNativeTarget "DownLoadView_Animation_DemoUITests" */;
			buildPhases = (
				846009391D76A2B20093989B /* Sources */,
				8460093A1D76A2B20093989B /* Frameworks */,
				8460093B1D76A2B20093989B /* Resources */,
			);
			buildRules = (
			);
			dependencies = (
				8460093F1D76A2B20093989B /* PBXTargetDependency */,
			);
			name = DownLoadView_Animation_DemoUITests;
			productName = DownLoadView_Animation_DemoUITests;
			productReference = 8460093D1D76A2B20093989B /* DownLoadView_Animation_DemoUITests.xctest */;
			productType = "com.apple.product-type.bundle.ui-testing";
		};
/* End PBXNativeTarget section */

/* Begin PBXProject section */
		846009111D76A2B20093989B /* Project object */ = {
			isa = PBXProject;
			attributes = {
				LastUpgradeCheck = 0730;
				ORGANIZATIONNAME = AlezJi;
				TargetAttributes = {
					846009181D76A2B20093989B = {
						CreatedOnToolsVersion = 7.3.1;
						DevelopmentTeam = 7UD65F8GWP;
					};
					846009311D76A2B20093989B = {
						CreatedOnToolsVersion = 7.3.1;
						DevelopmentTeam = 7UD65F8GWP;
						TestTargetID = 846009181D76A2B20093989B;
					};
					8460093C1D76A2B20093989B = {
						CreatedOnToolsVersion = 7.3.1;
						DevelopmentTeam = 7UD65F8GWP;
						TestTargetID = 846009181D76A2B20093989B;
					};
				};
			};
			buildConfigurationList = 846009141D76A2B20093989B /* Build configuration list for PBXProject "DownLoadView_Animation_Demo" */;
			compatibilityVersion = "Xcode 3.2";
			developmentRegion = English;
			hasScannedForEncodings = 0;
			knownRegions = (
				en,
				Base,
			);
			mainGroup = 846009101D76A2B20093989B;
			productRefGroup = 8460091A1D76A2B20093989B /* Products */;
			projectDirPath = "";
			projectRoot = "";
			targets = (
				846009181D76A2B20093989B /* DownLoadView_Animation_Demo */,
				846009311D76A2B20093989B /* DownLoadView_Animation_DemoTests */,
				8460093C1D76A2B20093989B /* DownLoadView_Animation_DemoUITests */,
			);
		};
/* End PBXProject section */

/* Begin PBXResourcesBuildPhase section */
		846009171D76A2B20093989B /* Resources */ = {
			isa = PBXResourcesBuildPhase;
			buildActionMask = 2147483647;
			files = (
				8460092C1D76A2B20093989B /* LaunchScreen.storyboard in Resources */,
				846009291D76A2B20093989B /* Assets.xcassets in Resources */,
				846009271D76A2B20093989B /* Main.storyboard in Resources */,
			);
			runOnlyForDeploymentPostprocessing = 0;
		};
		846009301D76A2B20093989B /* Resources */ = {
			isa = PBXResourcesBuildPhase;
			buildActionMask = 2147483647;
			files = (
			);
			runOnlyForDeploymentPostprocessing = 0;
		};
		8460093B1D76A2B20093989B /* Resources */ = {
			isa = PBXResourcesBuildPhase;
			buildActionMask = 2147483647;
			files = (
			);
			runOnlyForDeploymentPostprocessing = 0;
		};
/* End PBXResourcesBuildPhase section */

/* Begin PBXSourcesBuildPhase section */
		846009151D76A2B20093989B /* Sources */ = {
			isa = PBXSourcesBuildPhase;
			buildActionMask = 2147483647;
			files = (
				846009241D76A2B20093989B /* ViewController.m in Sources */,
				846009211D76A2B20093989B /* AppDelegate.m in Sources */,
				846009561D76A38F0093989B /* DownLoadView.m in Sources */,
				846009531D76A3080093989B /* AnimationService.m in Sources */,
				8460091E1D76A2B20093989B /* main.m in Sources */,
			);
			runOnlyForDeploymentPostprocessing = 0;
		};
		8460092E1D76A2B20093989B /* Sources */ = {
			isa = PBXSourcesBuildPhase;
			buildActionMask = 2147483647;
			files = (
				846009371D76A2B20093989B /* DownLoadView_Animation_DemoTests.m in Sources */,
			);
			runOnlyForDeploymentPostprocessing = 0;
		};
		846009391D76A2B20093989B /* Sources */ = {
			isa = PBXSourcesBuildPhase;
			buildActionMask = 2147483647;
			files = (
				846009421D76A2B20093989B /* DownLoadView_Animation_DemoUITests.m in Sources */,
			);
			runOnlyForDeploymentPostprocessing = 0;
		};
/* End PBXSourcesBuildPhase section */

/* Begin PBXTargetDependency section */
		846009341D76A2B20093989B /* PBXTargetDependency */ = {
			isa = PBXTargetDependency;
			target = 846009181D76A2B20093989B /* DownLoadView_Animation_Demo */;
			targetProxy = 846009331D76A2B20093989B /* PBXContainerItemProxy */;
		};
		8460093F1D76A2B20093989B /* PBXTargetDependency */ = {
			isa = PBXTargetDependency;
			target = 846009181D76A2B20093989B /* DownLoadView_Animation_Demo */;
			targetProxy = 8460093E1D76A2B20093989B /* PBXContainerItemProxy */;
		};
/* End PBXTargetDependency section */

/* Begin PBXVariantGroup section */
		846009251D76A2B20093989B /* Main.storyboard */ = {
			isa = PBXVariantGroup;
			children = (
				846009261D76A2B20093989B /* Base */,
			);
			name = Main.storyboard;
			sourceTree = "<group>";
		};
		8460092A1D76A2B20093989B /* LaunchScreen.storyboard */ = {
			isa = PBXVariantGroup;
			children = (
				8460092B1D76A2B20093989B /* Base */,
			);
			name = LaunchScreen.storyboard;
			sourceTree = "<group>";
		};
/* End PBXVariantGroup section */

/* Begin XCBuildConfiguration section */
		846009441D76A2B20093989B /* Debug */ = {
			isa = XCBuildConfiguration;
			buildSettings = {
				ALWAYS_SEARCH_USER_PATHS = NO;
				CLANG_ANALYZER_NONNULL = YES;
				CLANG_CXX_LANGUAGE_STANDARD = "gnu++0x";
				CLANG_CXX_LIBRARY = "libc++";
				CLANG_ENABLE_MODULES = YES;
				CLANG_ENABLE_OBJC_ARC = YES;
				CLANG_WARN_BOOL_CONVERSION = YES;
				CLANG_WARN_CONSTANT_CONVERSION = YES;
				CLANG_WARN_DIRECT_OBJC_ISA_USAGE = YES_ERROR;
				CLANG_WARN_EMPTY_BODY = YES;
				CLANG_WARN_ENUM_CONVERSION = YES;
				CLANG_WARN_INT_CONVERSION = YES;
				CLANG_WARN_OBJC_ROOT_CLASS = YES_ERROR;
				CLANG_WARN_UNREACHABLE_CODE = YES;
				CLANG_WARN__DUPLICATE_METHOD_MATCH = YES;
				"CODE_SIGN_IDENTITY[sdk=iphoneos*]" = "iPhone Developer";
				COPY_PHASE_STRIP = NO;
				DEBUG_INFORMATION_FORMAT = dwarf;
				ENABLE_STRICT_OBJC_MSGSEND = YES;
				ENABLE_TESTABILITY = YES;
				GCC_C_LANGUAGE_STANDARD = gnu99;
				GCC_DYNAMIC_NO_PIC = NO;
				GCC_NO_COMMON_BLOCKS = YES;
				GCC_OPTIMIZATION_LEVEL = 0;
				GCC_PREPROCESSOR_DEFINITIONS = (
					"DEBUG=1",
					"$(inherited)",
				);
				GCC_WARN_64_TO_32_BIT_CONVERSION = YES;
				GCC_WARN_ABOUT_RETURN_TYPE = YES_ERROR;
				GCC_WARN_UNDECLARED_SELECTOR = YES;
				GCC_WARN_UNINITIALIZED_AUTOS = YES_AGGRESSIVE;
				GCC_WARN_UNUSED_FUNCTION = YES;
				GCC_WARN_UNUSED_VARIABLE = YES;
				IPHONEOS_DEPLOYMENT_TARGET = 9.3;
				MTL_ENABLE_DEBUG_INFO = YES;
				ONLY_ACTIVE_ARCH = YES;
				SDKROOT = iphoneos;
			};
			name = Debug;
		};
		846009451D76A2B20093989B /* Release */ = {
			isa = XCBuildConfiguration;
			buildSettings = {
				ALWAYS_SEARCH_USER_PATHS = NO;
				CLANG_ANALYZER_NONNULL = YES;
				CLANG_CXX_LANGUAGE_STANDARD = "gnu++0x";
				CLANG_CXX_LIBRARY = "libc++";
				CLANG_ENABLE_MODULES = YES;
				CLANG_ENABLE_OBJC_ARC = YES;
				CLANG_WARN_BOOL_CONVERSION = YES;
				CLANG_WARN_CONSTANT_CONVERSION = YES;
				CLANG_WARN_DIRECT_OBJC_ISA_USAGE = YES_ERROR;
				CLANG_WARN_EMPTY_BODY = YES;
				CLANG_WARN_ENUM_CONVERSION = YES;
				CLANG_WARN_INT_CONVERSION = YES;
				CLANG_WARN_OBJC_ROOT_CLASS = YES_ERROR;
				CLANG_WARN_UNREACHABLE_CODE = YES;
				CLANG_WARN__DUPLICATE_METHOD_MATCH = YES;
				"CODE_SIGN_IDENTITY[sdk=iphoneos*]" = "iPhone Developer";
				COPY_PHASE_STRIP = NO;
				DEBUG_INFORMATION_FORMAT = "dwarf-with-dsym";
				ENABLE_NS_ASSERTIONS = NO;
				ENABLE_STRICT_OBJC_MSGSEND = YES;
				GCC_C_LANGUAGE_STANDARD = gnu99;
				GCC_NO_COMMON_BLOCKS = YES;
				GCC_WARN_64_TO_32_BIT_CONVERSION = YES;
				GCC_WARN_ABOUT_RETURN_TYPE = YES_ERROR;
				GCC_WARN_UNDECLARED_SELECTOR = YES;
				GCC_WARN_UNINITIALIZED_AUTOS = YES_AGGRESSIVE;
				GCC_WARN_UNUSED_FUNCTION = YES;
				GCC_WARN_UNUSED_VARIABLE = YES;
				IPHONEOS_DEPLOYMENT_TARGET = 9.3;
				MTL_ENABLE_DEBUG_INFO = NO;
				SDKROOT = iphoneos;
				VALIDATE_PRODUCT = YES;
			};
			name = Release;
		};
		846009471D76A2B20093989B /* Debug */ = {
			isa = XCBuildConfiguration;
			buildSettings = {
				ASSETCATALOG_COMPILER_APPICON_NAME = AppIcon;
				INFOPLIST_FILE = DownLoadView_Animation_Demo/Info.plist;
				LD_RUNPATH_SEARCH_PATHS = "$(inherited) @executable_path/Frameworks";
				PRODUCT_BUNDLE_IDENTIFIER = "AlezJI.DownLoadView-Animation-Demo";
				PRODUCT_NAME = "$(TARGET_NAME)";
			};
			name = Debug;
		};
		846009481D76A2B20093989B /* Release */ = {
			isa = XCBuildConfiguration;
			buildSettings = {
				ASSETCATALOG_COMPILER_APPICON_NAME = AppIcon;
				INFOPLIST_FILE = DownLoadView_Animation_Demo/Info.plist;
				LD_RUNPATH_SEARCH_PATHS = "$(inherited) @executable_path/Frameworks";
				PRODUCT_BUNDLE_IDENTIFIER = "AlezJI.DownLoadView-Animation-Demo";
				PRODUCT_NAME = "$(TARGET_NAME)";
			};
			name = Release;
		};
		8460094A1D76A2B20093989B /* Debug */ = {
			isa = XCBuildConfiguration;
			buildSettings = {
				BUNDLE_LOADER = "$(TEST_HOST)";
				INFOPLIST_FILE = DownLoadView_Animation_DemoTests/Info.plist;
				LD_RUNPATH_SEARCH_PATHS = "$(inherited) @executable_path/Frameworks @loader_path/Frameworks";
				PRODUCT_BUNDLE_IDENTIFIER = "AlezJI.DownLoadView-Animation-DemoTests";
				PRODUCT_NAME = "$(TARGET_NAME)";
				TEST_HOST = "$(BUILT_PRODUCTS_DIR)/DownLoadView_Animation_Demo.app/DownLoadView_Animation_Demo";
			};
			name = Debug;
		};
		8460094B1D76A2B20093989B /* Release */ = {
			isa = XCBuildConfiguration;
			buildSettings = {
				BUNDLE_LOADER = "$(TEST_HOST)";
				INFOPLIST_FILE = DownLoadView_Animation_DemoTests/Info.plist;
				LD_RUNPATH_SEARCH_PATHS = "$(inherited) @executable_path/Frameworks @loader_path/Frameworks";
				PRODUCT_BUNDLE_IDENTIFIER = "AlezJI.DownLoadView-Animation-DemoTests";
				PRODUCT_NAME = "$(TARGET_NAME)";
				TEST_HOST = "$(BUILT_PRODUCTS_DIR)/DownLoadView_Animation_Demo.app/DownLoadView_Animation_Demo";
			};
			name = Release;
		};
		8460094D1D76A2B20093989B /* Debug */ = {
			isa = XCBuildConfiguration;
			buildSettings = {
				INFOPLIST_FILE = DownLoadView_Animation_DemoUITests/Info.plist;
				LD_RUNPATH_SEARCH_PATHS = "$(inherited) @executable_path/Frameworks @loader_path/Frameworks";
				PRODUCT_BUNDLE_IDENTIFIER = "AlezJI.DownLoadView-Animation-DemoUITests";
				PRODUCT_NAME = "$(TARGET_NAME)";
				TEST_TARGET_NAME = DownLoadView_Animation_Demo;
			};
			name = Debug;
		};
		8460094E1D76A2B20093989B /* Release */ = {
			isa = XCBuildConfiguration;
			buildSettings = {
				INFOPLIST_FILE = DownLoadView_Animation_DemoUITests/Info.plist;
				LD_RUNPATH_SEARCH_PATHS = "$(inherited) @executable_path/Frameworks @loader_path/Frameworks";
				PRODUCT_BUNDLE_IDENTIFIER = "AlezJI.DownLoadView-Animation-DemoUITests";
				PRODUCT_NAME = "$(TARGET_NAME)";
				TEST_TARGET_NAME = DownLoadView_Animation_Demo;
			};
			name = Release;
		};
/* End XCBuildConfiguration section */

/* Begin XCConfigurationList section */
		846009141D76A2B20093989B /* Build configuration list for PBXProject "DownLoadView_Animation_Demo" */ = {
			isa = XCConfigurationList;
			buildConfigurations = (
				846009441D76A2B20093989B /* Debug */,
				846009451D76A2B20093989B /* Release */,
			);
			defaultConfigurationIsVisible = 0;
			defaultConfigurationName = Release;
		};
		846009461D76A2B20093989B /* Build configuration list for PBXNativeTarget "DownLoadView_Animation_Demo" */ = {
			isa = XCConfigurationList;
			buildConfigurations = (
				846009471D76A2B20093989B /* Debug */,
				846009481D76A2B20093989B /* Release */,
			);
			defaultConfigurationIsVisible = 0;
		};
		846009491D76A2B20093989B /* Build configuration list for PBXNativeTarget "DownLoadView_Animation_DemoTests" */ = {
			isa = XCConfigurationList;
			buildConfigurations = (
				8460094A1D76A2B20093989B /* Debug */,
				8460094B1D76A2B20093989B /* Release */,
			);
			defaultConfigurationIsVisible = 0;
		};
		8460094C1D76A2B20093989B /* Build configuration list for PBXNativeTarget "DownLoadView_Animation_DemoUITests" */ = {
			isa = XCConfigurationList;
			buildConfigurations = (
				8460094D1D76A2B20093989B /* Debug */,
				8460094E1D76A2B20093989B /* Release */,
			);
			defaultConfigurationIsVisible = 0;
		};
/* End XCConfigurationList section */
	};
	rootObject = 846009111D76A2B20093989B /* Project object */;
}
